# This file is autogenerated, do not edit; changes may be undone by the next 'dep ensure'.


[[projects]]
  branch = "master"
  name = "github.com/Parth/boolean"
  packages = ["."]
  revision = "d55b176371e01253772de0e5267ed068d3f9767d"

[[projects]]
  name = "github.com/davecgh/go-spew"
  packages = ["spew"]
  revision = "8991bc29aa16c548c550c7ff78260e27b9ab7c73"
  version = "v1.1.1"

[[projects]]
  name = "github.com/go-redis/redis"
  packages = [
    ".",
    "internal",
    "internal/consistenthash",
    "internal/hashtag",
    "internal/pool",
    "internal/proto",
    "internal/singleflight",
    "internal/util"
  ]
  revision = "f3bba01df2026fc865f7782948845db9cf44cf23"
  version = "v6.14.1"

[[projects]]
  branch = "master"
  name = "github.com/gonum/blas"
  packages = [
    ".",
    "blas64",
    "native",
    "native/internal/math32"
  ]
  revision = "e7c5890b24cf6f3bb173f76e1bd71e80e887e3f9"

[[projects]]
  branch = "master"
  name = "github.com/gonum/floats"
  packages = ["."]
  revision = "7de1f4ea7ab57890bfd427af68c7994cd67975d4"

[[projects]]
  branch = "master"
  name = "github.com/gonum/internal"
  packages = [
    "asm/f32",
    "asm/f64"
  ]
  revision = "fda53f8d25717c07e2dac25758075a182bd74235"

[[projects]]
  branch = "master"
  name = "github.com/gonum/lapack"
  packages = [
    ".",
    "lapack64",
    "native"
  ]
  revision = "f0b8b25edeceafb3a2752941c7bf0cda962df112"

[[projects]]
  branch = "master"
  name = "github.com/gonum/matrix"
  packages = [
    ".",
    "mat64"
  ]
  revision = "a41cc49d4c29f7451775f4379a5cc6ec6239dfab"

[[projects]]
  branch = "master"
  name = "github.com/gonum/stat"
  packages = ["."]
  revision = "ec9c8a1062f4be6c6ad671f0f5dba12d4a76826d"

[[projects]]
  name = "github.com/gorilla/websocket"
  packages = ["."]
  revision = "66b9c49e59c6c48f0ffce28c2d8b8a5678502c6d"
  version = "v1.4.0"

[[projects]]
  branch = "master"
  name = "github.com/parth/go-gameloop"
  packages = ["."]
  revision = "864c778d3843af07b6223fea3bfece5322a23727"

[[projects]]
  name = "github.com/pmezard/go-difflib"
  packages = ["difflib"]
  revision = "792786c7400a136282c1664665ae0a8db921c6c2"
  version = "v1.0.0"

[[projects]]
  name = "github.com/stretchr/testify"
  packages = ["assert"]
  revision = "f35b8ab0b5a2cef36673838d662e249dd9c94686"
  version = "v1.2.2"

[solve-meta]
  analyzer-name = "dep"
  analyzer-version = 1
  inputs-digest = "12c0c1dc895cac32ea7302dc7fbe56b48319fed1528f09d3dde36f7f3d2794de"
  solver-name = "gps-cdcl"
  solver-version = 1
